
Microsoft Visual Studio Solution File, Format Version 12.00
# Visual Studio 15
VisualStudioVersion = 15.0.26923.0
MinimumVisualStudioVersion = 10.0.40219.1
Project("{9A19103F-16F7-4668-BE54-9A1E7A4F7556}") = "учебна зала", "учебна зала\учебна зала.csproj", "{FFBC8B1A-C9DB-45A0-AF70-578064DCE754}"
EndProject
Project("{9A19103F-16F7-4668-BE54-9A1E7A4F7556}") = "metric", "metric\metric.csproj", "{9741A8C5-1B29-479F-BE39-5D598BEE46F9}"
EndProject
Project("{FAE04EC0-301F-11D3-BF4B-00C04F79EFBC}") = "Conditional", "Conditional\Conditional.csproj", "{844D36DA-4C1A-40E7-83BB-02B1E8A83B4E}"
EndProject
Global
	GlobalSection(SolutionConfigurationPlatforms) = preSolution
		Debug|Any CPU = Debug|Any CPU
		Release|Any CPU = Release|Any CPU
	EndGlobalSection
	GlobalSection(ProjectConfigurationPlatforms) = postSolution
		{FFBC8B1A-C9DB-45A0-AF70-578064DCE754}.Debug|Any CPU.ActiveCfg = Debug|Any CPU
		{FFBC8B1A-C9DB-45A0-AF70-578064DCE754}.Debug|Any CPU.Build.0 = Debug|Any CPU
		{FFBC8B1A-C9DB-45A0-AF70-578064DCE754}.Release|Any CPU.ActiveCfg = Release|Any CPU
		{FFBC8B1A-C9DB-45A0-AF70-578064DCE754}.Release|Any CPU.Build.0 = Release|Any CPU
		{9741A8C5-1B29-479F-BE39-5D598BEE46F9}.Debug|Any CPU.ActiveCfg = Debug|Any CPU
		{9741A8C5-1B29-479F-BE39-5D598BEE46F9}.Debug|Any CPU.Build.0 = Debug|Any CPU
		{9741A8C5-1B29-479F-BE39-5D598BEE46F9}.Release|Any CPU.ActiveCfg = Release|Any CPU
		{9741A8C5-1B29-479F-BE39-5D598BEE46F9}.Release|Any CPU.Build.0 = Release|Any CPU
		{844D36DA-4C1A-40E7-83BB-02B1E8A83B4E}.Debug|Any CPU.ActiveCfg = Debug|Any CPU
		{844D36DA-4C1A-40E7-83BB-02B1E8A83B4E}.Debug|Any CPU.Build.0 = Debug|Any CPU
		{844D36DA-4C1A-40E7-83BB-02B1E8A83B4E}.Release|Any CPU.ActiveCfg = Release|Any CPU
		{844D36DA-4C1A-40E7-83BB-02B1E8A83B4E}.Release|Any CPU.Build.0 = Release|Any CPU
	EndGlobalSection
	GlobalSection(SolutionProperties) = preSolution
		HideSolutionNode = FALSE
	EndGlobalSection
	GlobalSection(ExtensibilityGlobals) = postSolution
		SolutionGuid = {2851D230-8D04-448D-9E00-51BA0E525BE7}
	EndGlobalSection
EndGlobal
